
Microsoft Visual Studio Solution File, Format Version 12.00
# Visual Studio Version 16
VisualStudioVersion = 16.0.31424.327
MinimumVisualStudioVersion = 10.0.40219.1
Project("{FAE04EC0-301F-11D3-BF4B-00C04F79EFBC}") = "Valkyr.Simulation", "Valkyr.Simulation\Valkyr.Simulation.csproj", "{395795B4-FCD4-4E9E-A2E8-727179DDE395}"
EndProject
Project("{FAE04EC0-301F-11D3-BF4B-00C04F79EFBC}") = "Valkyr.Simulation.Test", "Valkyr.Simulation.Test\Valkyr.Simulation.Test.csproj", "{2F5165E9-4F30-42D9-8237-3BCA2C208C59}"
EndProject
Project("{FAE04EC0-301F-11D3-BF4B-00C04F79EFBC}") = "Valkyr.Simulation.Generator", "Valkyr.Simulation.Generator\Valkyr.Simulation.Generator.csproj", "{81807F98-1E20-485D-B98E-125A353C7171}"
EndProject
Global
	GlobalSection(SolutionConfigurationPlatforms) = preSolution
		Debug|Any CPU = Debug|Any CPU
		Release|Any CPU = Release|Any CPU
	EndGlobalSection
	GlobalSection(ProjectConfigurationPlatforms) = postSolution
		{395795B4-FCD4-4E9E-A2E8-727179DDE395}.Debug|Any CPU.ActiveCfg = Debug|Any CPU
		{395795B4-FCD4-4E9E-A2E8-727179DDE395}.Debug|Any CPU.Build.0 = Debug|Any CPU
		{395795B4-FCD4-4E9E-A2E8-727179DDE395}.Release|Any CPU.ActiveCfg = Release|Any CPU
		{395795B4-FCD4-4E9E-A2E8-727179DDE395}.Release|Any CPU.Build.0 = Release|Any CPU
		{2F5165E9-4F30-42D9-8237-3BCA2C208C59}.Debug|Any CPU.ActiveCfg = Debug|Any CPU
		{2F5165E9-4F30-42D9-8237-3BCA2C208C59}.Debug|Any CPU.Build.0 = Debug|Any CPU
		{2F5165E9-4F30-42D9-8237-3BCA2C208C59}.Release|Any CPU.ActiveCfg = Release|Any CPU
		{2F5165E9-4F30-42D9-8237-3BCA2C208C59}.Release|Any CPU.Build.0 = Release|Any CPU
		{81807F98-1E20-485D-B98E-125A353C7171}.Debug|Any CPU.ActiveCfg = Debug|Any CPU
		{81807F98-1E20-485D-B98E-125A353C7171}.Debug|Any CPU.Build.0 = Debug|Any CPU
		{81807F98-1E20-485D-B98E-125A353C7171}.Release|Any CPU.ActiveCfg = Release|Any CPU
		{81807F98-1E20-485D-B98E-125A353C7171}.Release|Any CPU.Build.0 = Release|Any CPU
	EndGlobalSection
	GlobalSection(SolutionProperties) = preSolution
		HideSolutionNode = FALSE
	EndGlobalSection
	GlobalSection(ExtensibilityGlobals) = postSolution
		SolutionGuid = {6F994E2C-B6E5-44D8-ABA1-4CA6E6DB80E0}
	EndGlobalSection
EndGlobal
